
Microsoft Visual Studio Solution File, Format Version 12.00
# Visual Studio Version 17
VisualStudioVersion = 17.14.36429.23
MinimumVisualStudioVersion = 10.0.40219.1
Project("{FAE04EC0-301F-11D3-BF4B-00C04F79EFBC}") = "P1Task.SecclConnector", "P1Task.SecclConnector\P1Task.SecclConnector.csproj", "{46FA0810-6D78-4615-83BB-B0AFEA41CC5C}"
EndProject
Project("{FAE04EC0-301F-11D3-BF4B-00C04F79EFBC}") = "P1Task.Models", "P1Task.Models\P1Task.Models.csproj", "{E5A22B87-FE69-46A0-9064-6C10190FA4DF}"
EndProject
Project("{FAE04EC0-301F-11D3-BF4B-00C04F79EFBC}") = "P1Task.SecclConnector.Test", "P1Task.SecclConnector.Test\P1Task.SecclConnector.Test.csproj", "{B218BEB6-E4F6-4868-B0E9-357E4E780D2B}"
EndProject
Project("{FAE04EC0-301F-11D3-BF4B-00C04F79EFBC}") = "P1Task.WebApi", "P1Task.WebApi\P1Task.WebApi.csproj", "{C25BE56B-FBB1-4B90-A9B9-3CD083118395}"
EndProject
Project("{FAE04EC0-301F-11D3-BF4B-00C04F79EFBC}") = "P1Task.Aggregator", "P1Task.Aggregator\P1Task.Aggregator.csproj", "{C3C499AC-F42F-44C0-9618-CF03EC0044FE}"
EndProject
Global
	GlobalSection(SolutionConfigurationPlatforms) = preSolution
		Debug|Any CPU = Debug|Any CPU
		Release|Any CPU = Release|Any CPU
	EndGlobalSection
	GlobalSection(ProjectConfigurationPlatforms) = postSolution
		{46FA0810-6D78-4615-83BB-B0AFEA41CC5C}.Debug|Any CPU.ActiveCfg = Debug|Any CPU
		{46FA0810-6D78-4615-83BB-B0AFEA41CC5C}.Debug|Any CPU.Build.0 = Debug|Any CPU
		{46FA0810-6D78-4615-83BB-B0AFEA41CC5C}.Release|Any CPU.ActiveCfg = Release|Any CPU
		{46FA0810-6D78-4615-83BB-B0AFEA41CC5C}.Release|Any CPU.Build.0 = Release|Any CPU
		{E5A22B87-FE69-46A0-9064-6C10190FA4DF}.Debug|Any CPU.ActiveCfg = Debug|Any CPU
		{E5A22B87-FE69-46A0-9064-6C10190FA4DF}.Debug|Any CPU.Build.0 = Debug|Any CPU
		{E5A22B87-FE69-46A0-9064-6C10190FA4DF}.Release|Any CPU.ActiveCfg = Release|Any CPU
		{E5A22B87-FE69-46A0-9064-6C10190FA4DF}.Release|Any CPU.Build.0 = Release|Any CPU
		{B218BEB6-E4F6-4868-B0E9-357E4E780D2B}.Debug|Any CPU.ActiveCfg = Debug|Any CPU
		{B218BEB6-E4F6-4868-B0E9-357E4E780D2B}.Debug|Any CPU.Build.0 = Debug|Any CPU
		{B218BEB6-E4F6-4868-B0E9-357E4E780D2B}.Release|Any CPU.ActiveCfg = Release|Any CPU
		{B218BEB6-E4F6-4868-B0E9-357E4E780D2B}.Release|Any CPU.Build.0 = Release|Any CPU
		{C25BE56B-FBB1-4B90-A9B9-3CD083118395}.Debug|Any CPU.ActiveCfg = Debug|Any CPU
		{C25BE56B-FBB1-4B90-A9B9-3CD083118395}.Debug|Any CPU.Build.0 = Debug|Any CPU
		{C25BE56B-FBB1-4B90-A9B9-3CD083118395}.Release|Any CPU.ActiveCfg = Release|Any CPU
		{C25BE56B-FBB1-4B90-A9B9-3CD083118395}.Release|Any CPU.Build.0 = Release|Any CPU
		{C3C499AC-F42F-44C0-9618-CF03EC0044FE}.Debug|Any CPU.ActiveCfg = Debug|Any CPU
		{C3C499AC-F42F-44C0-9618-CF03EC0044FE}.Debug|Any CPU.Build.0 = Debug|Any CPU
		{C3C499AC-F42F-44C0-9618-CF03EC0044FE}.Release|Any CPU.ActiveCfg = Release|Any CPU
		{C3C499AC-F42F-44C0-9618-CF03EC0044FE}.Release|Any CPU.Build.0 = Release|Any CPU
	EndGlobalSection
	GlobalSection(SolutionProperties) = preSolution
		HideSolutionNode = FALSE
	EndGlobalSection
	GlobalSection(ExtensibilityGlobals) = postSolution
		SolutionGuid = {D6A747AC-1299-4DE1-9DB0-AC66FCF8FB33}
	EndGlobalSection
EndGlobal
